
Microsoft Visual Studio Solution File, Format Version 12.00
# Visual Studio Version 17
VisualStudioVersion = 17.9.34723.18
MinimumVisualStudioVersion = 10.0.40219.1
Project("{FAE04EC0-301F-11D3-BF4B-00C04F79EFBC}") = "MODotNetCore.ConsoleApp", "MODotNetCore.ConsoleApp\MODotNetCore.ConsoleApp.csproj", "{1BCD9739-3EE6-495C-8862-01373A028F63}"
EndProject
Global
	GlobalSection(SolutionConfigurationPlatforms) = preSolution
		Debug|Any CPU = Debug|Any CPU
		Release|Any CPU = Release|Any CPU
	EndGlobalSection
	GlobalSection(ProjectConfigurationPlatforms) = postSolution
		{1BCD9739-3EE6-495C-8862-01373A028F63}.Debug|Any CPU.ActiveCfg = Debug|Any CPU
		{1BCD9739-3EE6-495C-8862-01373A028F63}.Debug|Any CPU.Build.0 = Debug|Any CPU
		{1BCD9739-3EE6-495C-8862-01373A028F63}.Release|Any CPU.ActiveCfg = Release|Any CPU
		{1BCD9739-3EE6-495C-8862-01373A028F63}.Release|Any CPU.Build.0 = Release|Any CPU
	EndGlobalSection
	GlobalSection(SolutionProperties) = preSolution
		HideSolutionNode = FALSE
	EndGlobalSection
	GlobalSection(ExtensibilityGlobals) = postSolution
		SolutionGuid = {2D8EB92D-5881-45CF-B1FB-C38B5763307C}
	EndGlobalSection
EndGlobal
